// !$*UTF8*$!
{
	archiveVersion = 1;
	classes = {
	};
	objectVersion = 46;
	objects = {

/* Begin PBXBuildFile section */
		9A201DC41C618A29001FFC0A /* AppDelegate.swift in Sources */ = {isa = PBXBuildFile; fileRef = 9A201DC31C618A29001FFC0A /* AppDelegate.swift */; };
		9A201DC61C618A29001FFC0A /* ViewController.swift in Sources */ = {isa = PBXBuildFile; fileRef = 9A201DC51C618A29001FFC0A /* ViewController.swift */; };
		9A201DC91C618A29001FFC0A /* Main.storyboard in Resources */ = {isa = PBXBuildFile; fileRef = 9A201DC71C618A29001FFC0A /* Main.storyboard */; };
		9A201DCC1C618A29001FFC0A /* BoxStat.xcdatamodeld in Sources */ = {isa = PBXBuildFile; fileRef = 9A201DCA1C618A29001FFC0A /* BoxStat.xcdatamodeld */; };
		9A201DCE1C618A29001FFC0A /* Assets.xcassets in Resources */ = {isa = PBXBuildFile; fileRef = 9A201DCD1C618A29001FFC0A /* Assets.xcassets */; };
		9A201DD11C618A29001FFC0A /* LaunchScreen.storyboard in Resources */ = {isa = PBXBuildFile; fileRef = 9A201DCF1C618A29001FFC0A /* LaunchScreen.storyboard */; };
		9AACA9351C6D95F200A048CE /* BSRoundDetailScore.swift in Sources */ = {isa = PBXBuildFile; fileRef = 9AACA9341C6D95F200A048CE /* BSRoundDetailScore.swift */; };
/* End PBXBuildFile section */

/* Begin PBXFileReference section */
		9A201DC01C618A29001FFC0A /* BoxStat.app */ = {isa = PBXFileReference; explicitFileType = wrapper.application; includeInIndex = 0; path = BoxStat.app; sourceTree = BUILT_PRODUCTS_DIR; };
		9A201DC31C618A29001FFC0A /* AppDelegate.swift */ = {isa = PBXFileReference; lastKnownFileType = sourcecode.swift; path = AppDelegate.swift; sourceTree = "<group>"; };
		9A201DC51C618A29001FFC0A /* ViewController.swift */ = {isa = PBXFileReference; lastKnownFileType = sourcecode.swift; path = ViewController.swift; sourceTree = "<group>"; };
		9A201DC81C618A29001FFC0A /* Base */ = {isa = PBXFileReference; lastKnownFileType = file.storyboard; name = Base; path = Base.lproj/Main.storyboard; sourceTree = "<group>"; };
		9A201DCB1C618A29001FFC0A /* BoxStat.xcdatamodel */ = {isa = PBXFileReference; lastKnownFileType = wrapper.xcdatamodel; path = BoxStat.xcdatamodel; sourceTree = "<group>"; };
		9A201DCD1C618A29001FFC0A /* Assets.xcassets */ = {isa = PBXFileReference; lastKnownFileType = folder.assetcatalog; path = Assets.xcassets; sourceTree = "<group>"; };
		9A201DD01C618A29001FFC0A /* Base */ = {isa = PBXFileReference; lastKnownFileType = file.storyboard; name = Base; path = Base.lproj/LaunchScreen.storyboard; sourceTree = "<group>"; };
		9A201DD21C618A29001FFC0A /* Info.plist */ = {isa = PBXFileReference; lastKnownFileType = text.plist.xml; path = Info.plist; sourceTree = "<group>"; };
		9AACA9341C6D95F200A048CE /* BSRoundDetailScore.swift */ = {isa = PBXFileReference; fileEncoding = 4; lastKnownFileType = sourcecode.swift; path = BSRoundDetailScore.swift; sourceTree = "<group>"; };
/* End PBXFileReference section */

/* Begin PBXFrameworksBuildPhase section */
		9A201DBD1C618A29001FFC0A /* Frameworks */ = {
			isa = PBXFrameworksBuildPhase;
			buildActionMask = 2147483647;
			files = (
			);
			runOnlyForDeploymentPostprocessing = 0;
		};
/* End PBXFrameworksBuildPhase section */

/* Begin PBXGroup section */
		9A201DB71C618A29001FFC0A = {
			isa = PBXGroup;
			children = (
				9A201DC21C618A29001FFC0A /* BoxStat */,
				9A201DC11C618A29001FFC0A /* Products */,
			);
			sourceTree = "<group>";
		};
		9A201DC11C618A29001FFC0A /* Products */ = {
			isa = PBXGroup;
			children = (
				9A201DC01C618A29001FFC0A /* BoxStat.app */,
			);
			name = Products;
			sourceTree = "<group>";
		};
		9A201DC21C618A29001FFC0A /* BoxStat */ = {
			isa = PBXGroup;
			children = (
				9A201DC31C618A29001FFC0A /* AppDelegate.swift */,
				9A201DC51C618A29001FFC0A /* ViewController.swift */,
				9AACA9341C6D95F200A048CE /* BSRoundDetailScore.swift */,
				9A201DC71C618A29001FFC0A /* Main.storyboard */,
				9A201DCD1C618A29001FFC0A /* Assets.xcassets */,
				9A201DCF1C618A29001FFC0A /* LaunchScreen.storyboard */,
				9A201DD21C618A29001FFC0A /* Info.plist */,
				9A201DCA1C618A29001FFC0A /* BoxStat.xcdatamodeld */,
			);
			path = BoxStat;
			sourceTree = "<group>";
		};
/* End PBXGroup section */

/* Begin PBXNativeTarget section */
		9A201DBF1C618A29001FFC0A /* BoxStat */ = {
			isa = PBXNativeTarget;
			buildConfigurationList = 9A201DD51C618A29001FFC0A /* Build configuration list for PBXNativeTarget "BoxStat" */;
			buildPhases = (
				9A201DBC1C618A29001FFC0A /* Sources */,
				9A201DBD1C618A29001FFC0A /* Frameworks */,
				9A201DBE1C618A29001FFC0A /* Resources */,
			);
			buildRules = (
			);
			dependencies = (
			);
			name = BoxStat;
			productName = BoxStat;
			productReference = 9A201DC01C618A29001FFC0A /* BoxStat.app */;
			productType = "com.apple.product-type.application";
		};
/* End PBXNativeTarget section */

/* Begin PBXProject section */
		9A201DB81C618A29001FFC0A /* Project object */ = {
			isa = PBXProject;
			attributes = {
				LastSwiftUpdateCheck = 0710;
				LastUpgradeCheck = 0710;
				ORGANIZATIONNAME = "Jamaal Sedayao";
				TargetAttributes = {
					9A201DBF1C618A29001FFC0A = {
						CreatedOnToolsVersion = 7.1;
						DevelopmentTeam = Z368FJ9ZFJ;
					};
				};
			};
			buildConfigurationList = 9A201DBB1C618A29001FFC0A /* Build configuration list for PBXProject "BoxStat" */;
			compatibilityVersion = "Xcode 3.2";
			developmentRegion = English;
			hasScannedForEncodings = 0;
			knownRegions = (
				en,
				Base,
			);
			mainGroup = 9A201DB71C618A29001FFC0A;
			productRefGroup = 9A201DC11C618A29001FFC0A /* Products */;
			projectDirPath = "";
			projectRoot = "";
			targets = (
				9A201DBF1C618A29001FFC0A /* BoxStat */,
			);
		};
/* End PBXProject section */

/* Begin PBXResourcesBuildPhase section */
		9A201DBE1C618A29001FFC0A /* Resources */ = {
			isa = PBXResourcesBuildPhase;
			buildActionMask = 2147483647;
			files = (
				9A201DD11C618A29001FFC0A /* LaunchScreen.storyboard in Resources */,
				9A201DCE1C618A29001FFC0A /* Assets.xcassets in Resources */,
				9A201DC91C618A29001FFC0A /* Main.storyboard in Resources */,
			);
			runOnlyForDeploymentPostprocessing = 0;
		};
/* End PBXResourcesBuildPhase section */

/* Begin PBXSourcesBuildPhase section */
		9A201DBC1C618A29001FFC0A /* Sources */ = {
			isa = PBXSourcesBuildPhase;
			buildActionMask = 2147483647;
			files = (
				9A201DC61C618A29001FFC0A /* ViewController.swift in Sources */,
				9A201DCC1C618A29001FFC0A /* BoxStat.xcdatamodeld in Sources */,
				9A201DC41C618A29001FFC0A /* AppDelegate.swift in Sources */,
				9AACA9351C6D95F200A048CE /* BSRoundDetailScore.swift in Sources */,
			);
			runOnlyForDeploymentPostprocessing = 0;
		};
/* End PBXSourcesBuildPhase section */

/* Begin PBXVariantGroup section */
		9A201DC71C618A29001FFC0A /* Main.storyboard */ = {
			isa = PBXVariantGroup;
			children = (
				9A201DC81C618A29001FFC0A /* Base */,
			);
			name = Main.storyboard;
			sourceTree = "<group>";
		};
		9A201DCF1C618A29001FFC0A /* LaunchScreen.storyboard */ = {
			isa = PBXVariantGroup;
			children = (
				9A201DD01C618A29001FFC0A /* Base */,
			);
			name = LaunchScreen.storyboard;
			sourceTree = "<group>";
		};
/* End PBXVariantGroup section */

/* Begin XCBuildConfiguration section */
		9A201DD31C618A29001FFC0A /* Debug */ = {
			isa = XCBuildConfiguration;
			buildSettings = {
				ALWAYS_SEARCH_USER_PATHS = NO;
				CLANG_CXX_LANGUAGE_STANDARD = "gnu++0x";
				CLANG_CXX_LIBRARY = "libc++";
				CLANG_ENABLE_MODULES = YES;
				CLANG_ENABLE_OBJC_ARC = YES;
				CLANG_WARN_BOOL_CONVERSION = YES;
				CLANG_WARN_CONSTANT_CONVERSION = YES;
				CLANG_WARN_DIRECT_OBJC_ISA_USAGE = YES_ERROR;
				CLANG_WARN_EMPTY_BODY = YES;
				CLANG_WARN_ENUM_CONVERSION = YES;
				CLANG_WARN_INT_CONVERSION = YES;
				CLANG_WARN_OBJC_ROOT_CLASS = YES_ERROR;
				CLANG_WARN_UNREACHABLE_CODE = YES;
				CLANG_WARN__DUPLICATE_METHOD_MATCH = YES;
				"CODE_SIGN_IDENTITY[sdk=iphoneos*]" = "iPhone Developer";
				COPY_PHASE_STRIP = NO;
				DEBUG_INFORMATION_FORMAT = dwarf;
				ENABLE_STRICT_OBJC_MSGSEND = YES;
				ENABLE_TESTABILITY = YES;
				GCC_C_LANGUAGE_STANDARD = gnu99;
				GCC_DYNAMIC_NO_PIC = NO;
				GCC_NO_COMMON_BLOCKS = YES;
				GCC_OPTIMIZATION_LEVEL = 0;
				GCC_PREPROCESSOR_DEFINITIONS = (
					"DEBUG=1",
					"$(inherited)",
				);
				GCC_WARN_64_TO_32_BIT_CONVERSION = YES;
				GCC_WARN_ABOUT_RETURN_TYPE = YES_ERROR;
				GCC_WARN_UNDECLARED_SELECTOR = YES;
				GCC_WARN_UNINITIALIZED_AUTOS = YES_AGGRESSIVE;
				GCC_WARN_UNUSED_FUNCTION = YES;
				GCC_WARN_UNUSED_VARIABLE = YES;
				IPHONEOS_DEPLOYMENT_TARGET = 9.1;
				MTL_ENABLE_DEBUG_INFO = YES;
				ONLY_ACTIVE_ARCH = YES;
				SDKROOT = iphoneos;
				SWIFT_OPTIMIZATION_LEVEL = "-Onone";
				TARGETED_DEVICE_FAMILY = "1,2";
			};
			name = Debug;
		};
		9A201DD41C618A29001FFC0A /* Release */ = {
			isa = XCBuildConfiguration;
			buildSettings = {
				ALWAYS_SEARCH_USER_PATHS = NO;
				CLANG_CXX_LANGUAGE_STANDARD = "gnu++0x";
				CLANG_CXX_LIBRARY = "libc++";
				CLANG_ENABLE_MODULES = YES;
				CLANG_ENABLE_OBJC_ARC = YES;
				CLANG_WARN_BOOL_CONVERSION = YES;
				CLANG_WARN_CONSTANT_CONVERSION = YES;
				CLANG_WARN_DIRECT_OBJC_ISA_USAGE = YES_ERROR;
				CLANG_WARN_EMPTY_BODY = YES;
				CLANG_WARN_ENUM_CONVERSION = YES;
				CLANG_WARN_INT_CONVERSION = YES;
				CLANG_WARN_OBJC_ROOT_CLASS = YES_ERROR;
				CLANG_WARN_UNREACHABLE_CODE = YES;
				CLANG_WARN__DUPLICATE_METHOD_MATCH = YES;
				"CODE_SIGN_IDENTITY[sdk=iphoneos*]" = "iPhone Developer";
				COPY_PHASE_STRIP = NO;
				DEBUG_INFORMATION_FORMAT = "dwarf-with-dsym";
				ENABLE_NS_ASSERTIONS = NO;
				ENABLE_STRICT_OBJC_MSGSEND = YES;
				GCC_C_LANGUAGE_STANDARD = gnu99;
				GCC_NO_COMMON_BLOCKS = YES;
				GCC_WARN_64_TO_32_BIT_CONVERSION = YES;
				GCC_WARN_ABOUT_RETURN_TYPE = YES_ERROR;
				GCC_WARN_UNDECLARED_SELECTOR = YES;
				GCC_WARN_UNINITIALIZED_AUTOS = YES_AGGRESSIVE;
				GCC_WARN_UNUSED_FUNCTION = YES;
				GCC_WARN_UNUSED_VARIABLE = YES;
				IPHONEOS_DEPLOYMENT_TARGET = 9.1;
				MTL_ENABLE_DEBUG_INFO = NO;
				SDKROOT = iphoneos;
				TARGETED_DEVICE_FAMILY = "1,2";
				VALIDATE_PRODUCT = YES;
			};
			name = Release;
		};
		9A201DD61C618A29001FFC0A /* Debug */ = {
			isa = XCBuildConfiguration;
			buildSettings = {
				ASSETCATALOG_COMPILER_APPICON_NAME = AppIcon;
				INFOPLIST_FILE = BoxStat/Info.plist;
				LD_RUNPATH_SEARCH_PATHS = "$(inherited) @executable_path/Frameworks";
				PRODUCT_BUNDLE_IDENTIFIER = com.jamaalsedayao.BoxStat;
				PRODUCT_NAME = "$(TARGET_NAME)";
			};
			name = Debug;
		};
		9A201DD71C618A29001FFC0A /* Release */ = {
			isa = XCBuildConfiguration;
			buildSettings = {
				ASSETCATALOG_COMPILER_APPICON_NAME = AppIcon;
				INFOPLIST_FILE = BoxStat/Info.plist;
				LD_RUNPATH_SEARCH_PATHS = "$(inherited) @executable_path/Frameworks";
				PRODUCT_BUNDLE_IDENTIFIER = com.jamaalsedayao.BoxStat;
				PRODUCT_NAME = "$(TARGET_NAME)";
			};
			name = Release;
		};
/* End XCBuildConfiguration section */

/* Begin XCConfigurationList section */
		9A201DBB1C618A29001FFC0A /* Build configuration list for PBXProject "BoxStat" */ = {
			isa = XCConfigurationList;
			buildConfigurations = (
				9A201DD31C618A29001FFC0A /* Debug */,
				9A201DD41C618A29001FFC0A /* Release */,
			);
			defaultConfigurationIsVisible = 0;
			defaultConfigurationName = Release;
		};
		9A201DD51C618A29001FFC0A /* Build configuration list for PBXNativeTarget "BoxStat" */ = {
			isa = XCConfigurationList;
			buildConfigurations = (
				9A201DD61C618A29001FFC0A /* Debug */,
				9A201DD71C618A29001FFC0A /* Release */,
			);
			defaultConfigurationIsVisible = 0;
			defaultConfigurationName = Release;
		};
/* End XCConfigurationList section */

/* Begin XCVersionGroup section */
		9A201DCA1C618A29001FFC0A /* BoxStat.xcdatamodeld */ = {
			isa = XCVersionGroup;
			children = (
				9A201DCB1C618A29001FFC0A /* BoxStat.xcdatamodel */,
			);
			currentVersion = 9A201DCB1C618A29001FFC0A /* BoxStat.xcdatamodel */;
			path = BoxStat.xcdatamodeld;
			sourceTree = "<group>";
			versionGroupType = wrapper.xcdatamodel;
		};
/* End XCVersionGroup section */
	};
	rootObject = 9A201DB81C618A29001FFC0A /* Project object */;
}
